
Microsoft Visual Studio Solution File, Format Version 12.00
# Visual Studio Version 17
VisualStudioVersion = 17.8.34112.27
MinimumVisualStudioVersion = 10.0.40219.1
Project("{FAE04EC0-301F-11D3-BF4B-00C04F79EFBC}") = "API.KM58", "API.KM58\API.KM58.csproj", "{DBD76573-34B0-4C21-9668-9A8C513DA462}"
EndProject
Project("{FAE04EC0-301F-11D3-BF4B-00C04F79EFBC}") = "FE.KM58", "FE.KM58\FE.KM58.csproj", "{8B3E9187-AEB5-483E-ADB4-897E1CAFD2E4}"
EndProject
Global
	GlobalSection(SolutionConfigurationPlatforms) = preSolution
		Debug|Any CPU = Debug|Any CPU
		Release|Any CPU = Release|Any CPU
	EndGlobalSection
	GlobalSection(ProjectConfigurationPlatforms) = postSolution
		{DBD76573-34B0-4C21-9668-9A8C513DA462}.Debug|Any CPU.ActiveCfg = Debug|Any CPU
		{DBD76573-34B0-4C21-9668-9A8C513DA462}.Debug|Any CPU.Build.0 = Debug|Any CPU
		{DBD76573-34B0-4C21-9668-9A8C513DA462}.Release|Any CPU.ActiveCfg = Release|Any CPU
		{DBD76573-34B0-4C21-9668-9A8C513DA462}.Release|Any CPU.Build.0 = Release|Any CPU
		{8B3E9187-AEB5-483E-ADB4-897E1CAFD2E4}.Debug|Any CPU.ActiveCfg = Debug|Any CPU
		{8B3E9187-AEB5-483E-ADB4-897E1CAFD2E4}.Debug|Any CPU.Build.0 = Debug|Any CPU
		{8B3E9187-AEB5-483E-ADB4-897E1CAFD2E4}.Release|Any CPU.ActiveCfg = Release|Any CPU
		{8B3E9187-AEB5-483E-ADB4-897E1CAFD2E4}.Release|Any CPU.Build.0 = Release|Any CPU
	EndGlobalSection
	GlobalSection(SolutionProperties) = preSolution
		HideSolutionNode = FALSE
	EndGlobalSection
	GlobalSection(ExtensibilityGlobals) = postSolution
		SolutionGuid = {AEE7C1E3-462E-4CBE-AACC-F59A455967E5}
	EndGlobalSection
EndGlobal
